
Microsoft Visual Studio Solution File, Format Version 12.00
# Visual Studio Version 16
VisualStudioVersion = 16.0.31205.134
MinimumVisualStudioVersion = 10.0.40219.1
Project("{FAE04EC0-301F-11D3-BF4B-00C04F79EFBC}") = "VisualTranslate", "VisualTranslate.csproj", "{D81B1F3B-8DFC-40A4-88A2-7B4FEFCC72C8}"
EndProject
Global
	GlobalSection(SolutionConfigurationPlatforms) = preSolution
		Debug|Any CPU = Debug|Any CPU
		Release|Any CPU = Release|Any CPU
	EndGlobalSection
	GlobalSection(ProjectConfigurationPlatforms) = postSolution
		{D81B1F3B-8DFC-40A4-88A2-7B4FEFCC72C8}.Debug|Any CPU.ActiveCfg = Debug|Any CPU
		{D81B1F3B-8DFC-40A4-88A2-7B4FEFCC72C8}.Debug|Any CPU.Build.0 = Debug|Any CPU
		{D81B1F3B-8DFC-40A4-88A2-7B4FEFCC72C8}.Release|Any CPU.ActiveCfg = Release|Any CPU
		{D81B1F3B-8DFC-40A4-88A2-7B4FEFCC72C8}.Release|Any CPU.Build.0 = Release|Any CPU
	EndGlobalSection
	GlobalSection(SolutionProperties) = preSolution
		HideSolutionNode = FALSE
	EndGlobalSection
	GlobalSection(ExtensibilityGlobals) = postSolution
		SolutionGuid = {DD3FCDA4-6CB8-43E1-841F-0861329145D1}
	EndGlobalSection
EndGlobal
